
Microsoft Visual Studio Solution File, Format Version 12.00
# Visual Studio Version 17
VisualStudioVersion = 17.6.33801.468
MinimumVisualStudioVersion = 10.0.40219.1
Project("{FAE04EC0-301F-11D3-BF4B-00C04F79EFBC}") = "BookStoreApp.API", "BookStoreApp.API\BookStoreApp.API.csproj", "{ED0DBFB3-EF42-4BAB-8CFB-1FADA3F31003}"
EndProject
Global
	GlobalSection(SolutionConfigurationPlatforms) = preSolution
		Debug|Any CPU = Debug|Any CPU
		Release|Any CPU = Release|Any CPU
	EndGlobalSection
	GlobalSection(ProjectConfigurationPlatforms) = postSolution
		{ED0DBFB3-EF42-4BAB-8CFB-1FADA3F31003}.Debug|Any CPU.ActiveCfg = Debug|Any CPU
		{ED0DBFB3-EF42-4BAB-8CFB-1FADA3F31003}.Debug|Any CPU.Build.0 = Debug|Any CPU
		{ED0DBFB3-EF42-4BAB-8CFB-1FADA3F31003}.Release|Any CPU.ActiveCfg = Release|Any CPU
		{ED0DBFB3-EF42-4BAB-8CFB-1FADA3F31003}.Release|Any CPU.Build.0 = Release|Any CPU
	EndGlobalSection
	GlobalSection(SolutionProperties) = preSolution
		HideSolutionNode = FALSE
	EndGlobalSection
	GlobalSection(ExtensibilityGlobals) = postSolution
		SolutionGuid = {BD5349C1-2DE6-456D-9268-ECED9D3893C3}
	EndGlobalSection
EndGlobal
